
Microsoft Visual Studio Solution File, Format Version 12.00
# Visual Studio Version 17
VisualStudioVersion = 17.13.35818.85
MinimumVisualStudioVersion = 10.0.40219.1
Project("{FAE04EC0-301F-11D3-BF4B-00C04F79EFBC}") = "SB.Core", "SB.Core\SB.Core.csproj", "{921F81BD-B127-4004-BED1-A3A0367C4D29}"
EndProject
Project("{FAE04EC0-301F-11D3-BF4B-00C04F79EFBC}") = "SB.SourceGenerator", "SB.SourceGenerator\SB.SourceGenerator.csproj", "{4AD28B38-89EB-4C76-B33C-7D9B4537E918}"
EndProject
Project("{FAE04EC0-301F-11D3-BF4B-00C04F79EFBC}") = "SB.Engine", "SB.Engine\SB.Engine.csproj", "{6AE4359A-7F79-49B7-B7D6-5CCEE9AF1B8B}"
EndProject
Project("{FAE04EC0-301F-11D3-BF4B-00C04F79EFBC}") = "SB", "..\..\SB.csproj", "{B2731AAF-F604-40D3-86F2-10CAB7E55E7C}"
EndProject
Global
	GlobalSection(SolutionConfigurationPlatforms) = preSolution
		Debug|Any CPU = Debug|Any CPU
		Release|Any CPU = Release|Any CPU
	EndGlobalSection
	GlobalSection(ProjectConfigurationPlatforms) = postSolution
		{921F81BD-B127-4004-BED1-A3A0367C4D29}.Debug|Any CPU.ActiveCfg = Debug|Any CPU
		{921F81BD-B127-4004-BED1-A3A0367C4D29}.Debug|Any CPU.Build.0 = Debug|Any CPU
		{921F81BD-B127-4004-BED1-A3A0367C4D29}.Release|Any CPU.ActiveCfg = Release|Any CPU
		{921F81BD-B127-4004-BED1-A3A0367C4D29}.Release|Any CPU.Build.0 = Release|Any CPU
		{4AD28B38-89EB-4C76-B33C-7D9B4537E918}.Debug|Any CPU.ActiveCfg = Debug|Any CPU
		{4AD28B38-89EB-4C76-B33C-7D9B4537E918}.Debug|Any CPU.Build.0 = Debug|Any CPU
		{4AD28B38-89EB-4C76-B33C-7D9B4537E918}.Release|Any CPU.ActiveCfg = Release|Any CPU
		{4AD28B38-89EB-4C76-B33C-7D9B4537E918}.Release|Any CPU.Build.0 = Release|Any CPU
		{6AE4359A-7F79-49B7-B7D6-5CCEE9AF1B8B}.Debug|Any CPU.ActiveCfg = Debug|Any CPU
		{6AE4359A-7F79-49B7-B7D6-5CCEE9AF1B8B}.Debug|Any CPU.Build.0 = Debug|Any CPU
		{6AE4359A-7F79-49B7-B7D6-5CCEE9AF1B8B}.Release|Any CPU.ActiveCfg = Release|Any CPU
		{6AE4359A-7F79-49B7-B7D6-5CCEE9AF1B8B}.Release|Any CPU.Build.0 = Release|Any CPU
		{B2731AAF-F604-40D3-86F2-10CAB7E55E7C}.Debug|Any CPU.ActiveCfg = Debug|Any CPU
		{B2731AAF-F604-40D3-86F2-10CAB7E55E7C}.Debug|Any CPU.Build.0 = Debug|Any CPU
		{B2731AAF-F604-40D3-86F2-10CAB7E55E7C}.Release|Any CPU.ActiveCfg = Release|Any CPU
		{B2731AAF-F604-40D3-86F2-10CAB7E55E7C}.Release|Any CPU.Build.0 = Release|Any CPU
	EndGlobalSection
	GlobalSection(SolutionProperties) = preSolution
		HideSolutionNode = FALSE
	EndGlobalSection
	GlobalSection(ExtensibilityGlobals) = postSolution
		SolutionGuid = {CCEDC34A-DB50-4EE1-8928-80E338DE2B35}
	EndGlobalSection
EndGlobal
